
Microsoft Visual Studio Solution File, Format Version 12.00
# Visual Studio Version 17
VisualStudioVersion = 17.7.34009.444
MinimumVisualStudioVersion = 10.0.40219.1
Project("{2150E333-8FDC-42A3-9474-1A3956D46DE8}") = "FrontEnd", "FrontEnd", "{175E9460-8FBC-4E3F-80DF-9B99E6F94B35}"
EndProject
Project("{2150E333-8FDC-42A3-9474-1A3956D46DE8}") = "Gateway", "Gateway", "{21B84976-81FB-4723-B1F8-1A8155A44AD4}"
EndProject
Project("{2150E333-8FDC-42A3-9474-1A3956D46DE8}") = "Integration", "Integration", "{89D7BE83-4411-4808-B6EC-59397D052E58}"
EndProject
Project("{2150E333-8FDC-42A3-9474-1A3956D46DE8}") = "Services", "Services", "{CFF99F70-D040-4296-A3D2-6D5448E9934D}"
EndProject
Project("{9A19103F-16F7-4668-BE54-9A1E7A4F7556}") = "Mango.Services.CouponAPI", "Mango.Services.CouponAPI\Mango.Services.CouponAPI.csproj", "{D5CC2280-69C3-4D45-B0D5-93819CDDD419}"
EndProject
Project("{9A19103F-16F7-4668-BE54-9A1E7A4F7556}") = "Mango.Web", "Mango.Web\Mango.Web.csproj", "{6B0EBA43-0308-4AC0-9B21-033C89D27DD3}"
EndProject
Project("{9A19103F-16F7-4668-BE54-9A1E7A4F7556}") = "Mango.Services.AuthAPI", "Mango.Services.AuthAPI\Mango.Services.AuthAPI.csproj", "{2F8D1222-D1E1-449B-BB9D-DAF8A25736C3}"
EndProject
Project("{9A19103F-16F7-4668-BE54-9A1E7A4F7556}") = "Mango.Services.ProductAPI", "Mango.Services.ProductAPI\Mango.Services.ProductAPI.csproj", "{ED47BD6B-5480-4C24-B5FA-AC546232AB1A}"
EndProject
Project("{9A19103F-16F7-4668-BE54-9A1E7A4F7556}") = "Mango.Services.ShoppingCartAPI", "Mango.Services.ShoppingCartAPI\Mango.Services.ShoppingCartAPI.csproj", "{A6DCC75D-8ACE-4DB9-9A6D-A3E6B2EB3DDA}"
EndProject
Project("{FAE04EC0-301F-11D3-BF4B-00C04F79EFBC}") = "Mango.Services.OrderAPI", "Mango.Services.OrderAPI\Mango.Services.OrderAPI.csproj", "{35B91064-71C4-495A-A627-975C8BDDD2E6}"
EndProject
Global
	GlobalSection(SolutionConfigurationPlatforms) = preSolution
		Debug|Any CPU = Debug|Any CPU
		Release|Any CPU = Release|Any CPU
	EndGlobalSection
	GlobalSection(ProjectConfigurationPlatforms) = postSolution
		{D5CC2280-69C3-4D45-B0D5-93819CDDD419}.Debug|Any CPU.ActiveCfg = Debug|Any CPU
		{D5CC2280-69C3-4D45-B0D5-93819CDDD419}.Debug|Any CPU.Build.0 = Debug|Any CPU
		{D5CC2280-69C3-4D45-B0D5-93819CDDD419}.Release|Any CPU.ActiveCfg = Release|Any CPU
		{D5CC2280-69C3-4D45-B0D5-93819CDDD419}.Release|Any CPU.Build.0 = Release|Any CPU
		{6B0EBA43-0308-4AC0-9B21-033C89D27DD3}.Debug|Any CPU.ActiveCfg = Debug|Any CPU
		{6B0EBA43-0308-4AC0-9B21-033C89D27DD3}.Debug|Any CPU.Build.0 = Debug|Any CPU
		{6B0EBA43-0308-4AC0-9B21-033C89D27DD3}.Release|Any CPU.ActiveCfg = Release|Any CPU
		{6B0EBA43-0308-4AC0-9B21-033C89D27DD3}.Release|Any CPU.Build.0 = Release|Any CPU
		{2F8D1222-D1E1-449B-BB9D-DAF8A25736C3}.Debug|Any CPU.ActiveCfg = Debug|Any CPU
		{2F8D1222-D1E1-449B-BB9D-DAF8A25736C3}.Debug|Any CPU.Build.0 = Debug|Any CPU
		{2F8D1222-D1E1-449B-BB9D-DAF8A25736C3}.Release|Any CPU.ActiveCfg = Release|Any CPU
		{2F8D1222-D1E1-449B-BB9D-DAF8A25736C3}.Release|Any CPU.Build.0 = Release|Any CPU
		{ED47BD6B-5480-4C24-B5FA-AC546232AB1A}.Debug|Any CPU.ActiveCfg = Debug|Any CPU
		{ED47BD6B-5480-4C24-B5FA-AC546232AB1A}.Debug|Any CPU.Build.0 = Debug|Any CPU
		{ED47BD6B-5480-4C24-B5FA-AC546232AB1A}.Release|Any CPU.ActiveCfg = Release|Any CPU
		{ED47BD6B-5480-4C24-B5FA-AC546232AB1A}.Release|Any CPU.Build.0 = Release|Any CPU
		{A6DCC75D-8ACE-4DB9-9A6D-A3E6B2EB3DDA}.Debug|Any CPU.ActiveCfg = Debug|Any CPU
		{A6DCC75D-8ACE-4DB9-9A6D-A3E6B2EB3DDA}.Debug|Any CPU.Build.0 = Debug|Any CPU
		{A6DCC75D-8ACE-4DB9-9A6D-A3E6B2EB3DDA}.Release|Any CPU.ActiveCfg = Release|Any CPU
		{A6DCC75D-8ACE-4DB9-9A6D-A3E6B2EB3DDA}.Release|Any CPU.Build.0 = Release|Any CPU
		{35B91064-71C4-495A-A627-975C8BDDD2E6}.Debug|Any CPU.ActiveCfg = Debug|Any CPU
		{35B91064-71C4-495A-A627-975C8BDDD2E6}.Debug|Any CPU.Build.0 = Debug|Any CPU
		{35B91064-71C4-495A-A627-975C8BDDD2E6}.Release|Any CPU.ActiveCfg = Release|Any CPU
		{35B91064-71C4-495A-A627-975C8BDDD2E6}.Release|Any CPU.Build.0 = Release|Any CPU
	EndGlobalSection
	GlobalSection(SolutionProperties) = preSolution
		HideSolutionNode = FALSE
	EndGlobalSection
	GlobalSection(NestedProjects) = preSolution
		{D5CC2280-69C3-4D45-B0D5-93819CDDD419} = {CFF99F70-D040-4296-A3D2-6D5448E9934D}
		{6B0EBA43-0308-4AC0-9B21-033C89D27DD3} = {175E9460-8FBC-4E3F-80DF-9B99E6F94B35}
		{2F8D1222-D1E1-449B-BB9D-DAF8A25736C3} = {CFF99F70-D040-4296-A3D2-6D5448E9934D}
		{ED47BD6B-5480-4C24-B5FA-AC546232AB1A} = {CFF99F70-D040-4296-A3D2-6D5448E9934D}
		{A6DCC75D-8ACE-4DB9-9A6D-A3E6B2EB3DDA} = {CFF99F70-D040-4296-A3D2-6D5448E9934D}
		{35B91064-71C4-495A-A627-975C8BDDD2E6} = {CFF99F70-D040-4296-A3D2-6D5448E9934D}
	EndGlobalSection
	GlobalSection(ExtensibilityGlobals) = postSolution
		SolutionGuid = {23C1A7A2-4D82-46B6-9A7D-D21013060CF7}
	EndGlobalSection
EndGlobal
